
Microsoft Visual Studio Solution File, Format Version 12.00
# Visual Studio Version 16
VisualStudioVersion = 16.0.30626.31
MinimumVisualStudioVersion = 10.0.40219.1
Project("{FAE04EC0-301F-11D3-BF4B-00C04F79EFBC}") = "MobileApp", "MobileApp\MobileApp.csproj", "{2FC1A4DA-6B0E-4482-A119-2D10BFFD38D7}"
EndProject
Project("{FAE04EC0-301F-11D3-BF4B-00C04F79EFBC}") = "MobileLib", "MobileLib\MobileLib.csproj", "{2487D699-01BE-42A9-81CB-D4C328A48883}"
EndProject
Project("{FAE04EC0-301F-11D3-BF4B-00C04F79EFBC}") = "MobileLibTests", "MobileLibTests\MobileLibTests.csproj", "{B0E2D6AC-1CB8-49F6-AC44-ADDA0E2DE8F4}"
EndProject
Global
	GlobalSection(SolutionConfigurationPlatforms) = preSolution
		Debug|Any CPU = Debug|Any CPU
		Release|Any CPU = Release|Any CPU
	EndGlobalSection
	GlobalSection(ProjectConfigurationPlatforms) = postSolution
		{2FC1A4DA-6B0E-4482-A119-2D10BFFD38D7}.Debug|Any CPU.ActiveCfg = Debug|Any CPU
		{2FC1A4DA-6B0E-4482-A119-2D10BFFD38D7}.Debug|Any CPU.Build.0 = Debug|Any CPU
		{2FC1A4DA-6B0E-4482-A119-2D10BFFD38D7}.Release|Any CPU.ActiveCfg = Release|Any CPU
		{2FC1A4DA-6B0E-4482-A119-2D10BFFD38D7}.Release|Any CPU.Build.0 = Release|Any CPU
		{2487D699-01BE-42A9-81CB-D4C328A48883}.Debug|Any CPU.ActiveCfg = Debug|Any CPU
		{2487D699-01BE-42A9-81CB-D4C328A48883}.Debug|Any CPU.Build.0 = Debug|Any CPU
		{2487D699-01BE-42A9-81CB-D4C328A48883}.Release|Any CPU.ActiveCfg = Release|Any CPU
		{2487D699-01BE-42A9-81CB-D4C328A48883}.Release|Any CPU.Build.0 = Release|Any CPU
		{B0E2D6AC-1CB8-49F6-AC44-ADDA0E2DE8F4}.Debug|Any CPU.ActiveCfg = Debug|Any CPU
		{B0E2D6AC-1CB8-49F6-AC44-ADDA0E2DE8F4}.Debug|Any CPU.Build.0 = Debug|Any CPU
		{B0E2D6AC-1CB8-49F6-AC44-ADDA0E2DE8F4}.Release|Any CPU.ActiveCfg = Release|Any CPU
		{B0E2D6AC-1CB8-49F6-AC44-ADDA0E2DE8F4}.Release|Any CPU.Build.0 = Release|Any CPU
	EndGlobalSection
	GlobalSection(SolutionProperties) = preSolution
		HideSolutionNode = FALSE
	EndGlobalSection
	GlobalSection(ExtensibilityGlobals) = postSolution
		SolutionGuid = {B966C276-B6C7-4021-8673-7CA5DEE48BC9}
	EndGlobalSection
EndGlobal
